lockfileVersion: '9.0'

settings:
  autoInstallPeers: true
  excludeLinksFromLockfile: false

importers:

  .:
    dependencies:
      express:
        specifier: ^4.13.0
        version: 4.22.3
      gatling:
        specifier: ^2.0.0
        version: 2.0.0
      unblocker:
        specifier: ^2.3.1
        version: 2.3.1
      ytdl-core:
        specifier: ^4.11.5
        version: 4.11.5
    devDependencies:
      mocha:
        specifier: ^12.0.2
        version: 12.0.2
      supertest:
        specifier: ^7.3.0
        version: 7.3.0

packages:

  '@noble/hashes@1.8.0':
    resolution: {integrity: sha512-jCs9ldd7NwzpgXDIf6P3+NrHh9/sD6CQdxHyjQI+h/6rDNo88ypBxxz45UDuZHz9r3tNz7N/VInSVoVdtXEI4A==}
    engines: {node: ^14.21.3 || >=16}

  '@paralleldrive/cuid2@2.3.1':
    resolution: {integrity: sha512-XO7cAxhnTZl0Yggq6jOgjiOHhbgcO4NqFqwSmQpjK3b6TEE6Uj/jfSk6wzYyemh3+I0sHirKSetjQwn5cZktFw==}

  accepts@1.3.8:
    resolution: {integrity: sha512-PYAthTa2m2VKxuvSD3DPC/Gy+U+sOA1LAuT8mkmRuvw+NACSaeXEQ+NHcVF7rONl6qcaxV3Uuemwawk+7+SJLw==}
    engines: {node: '>= 0.6'}

  argparse@2.0.1:
    resolution: {integrity: sha512-8+9WqebbFzpX9OR+Wa6O29asIogeRMzcGtAINdpMHHyAg10f05aSFVBbcEqGf/PXw1EjAZ+q2/bEBg3DvurK3Q==}

  array-flatten@1.1.1:
    resolution: {integrity: sha512-PCVAQswWemu6UdxsDFFX/+gVeYqKAod3D3UVm91jHwynguOwAvYPhx8nNlM++NqRcK6CxxpUafjmhIdKiHibqg==}

  asap@2.0.6:
    resolution: {integrity: sha512-BSHWgDSAiKs50o2Re8ppvp3seVHXSRM44cdSsT9FfNEUUZLOGWVCsiWaRPWM1Znn+mqZ1OfVZ3z3DWEzSp7hRA==}

  async@3.2.6:
    resolution: {integrity: sha512-htCUDlxyyCLMgaM3xXg0C0LW2xqfuQ6p05pCEIsXuyQ+a1koYKTuBMzRNwmybfLgvJDMd0r1LTn4+E0Ti6C2AA==}

  asynckit@0.4.0:
    resolution: {integrity: sha512-Oei9OH4tRh0YqU3GxhX79dM/mwVgvbZJaSNaRk+bshkj0S5cfHcgYakreBjrHwatXKbz+IoIdYLxrKim2MjW0Q==}

  balanced-match@4.0.4:
    resolution: {integrity: sha512-BLrgEcRTwX2o6gGxGOCNyMvGSp35YofuYzw9h1IMTRmKqttAZZVU67bdb9Pr2vUHA8+j3i2tJfjO6C6+4myGTA==}
    engines: {node: 18 || 20 || >=22}

  body-parser@1.20.8:
    resolution: {integrity: sha512-JNcyFQ64OiijEkPzUBTCe+hyPXUD/3LEldGQ6iF5LR1w00mx9o7xtDWHXBY2iItjdCFGoilOLNQbH943ut7pHA==}
    engines: {node: '>= 0.8', npm: 1.2.8000 || >= 1.4.16}

  brace-expansion@5.0.12:
    resolution: {integrity: sha512-YovQ3rzhaLMIrDjNDMkNS01tea93qhEhG5xy8f6+R0l+dw3Ki+5sCoIoI942iuLZTHWogWktgwVDhU09iNEimQ==}
    engines: {node: 20 || >=22}

  browser-stdout@1.3.1:
    resolution: {integrity: sha512-qhAVI1+Av2X7qelOfAIYwXONood6XlZE/fXaBSmW/T5SzLAmCgzi+eiWE7fUvbHaeNBQH13UftjpXxsfLkMpgw==}

  bytes@3.1.2:
    resolution: {integrity: sha512-/Nf7TyzTx6S3yRJObOAV7956r8cr2+Oj8AC5dt8wSP3BQAoeX58NoHyCU8P8zGkNXStjTSi6fzO6F0pBdcYbEg==}
    engines: {node: '>= 0.8'}

  call-bind-apply-helpers@1.0.2:
    resolution: {integrity: sha512-Sp1ablJ0ivDkSzjcaJdxEunN5/XvksFJ2sMBFfq6x0ryhQV/2b/KwFe21cMpmHtPOSij8K99/wSfoEuTObmuMQ==}
    engines: {node: '>= 0.4'}

  call-bound@1.0.4:
    resolution: {integrity: sha512-+ys997U96po4Kx/ABpBCqhA9EuxJaQWDQg7295H4hBphv3IZg0boBKuwYpt4YXp6MZ5AmZQnU/tyMTlRpaSejg==}
    engines: {node: '>= 0.4'}

  chokidar@5.0.0:
    resolution: {integrity: sha512-TQMmc3w+5AxjpL8iIiwebF73dRDF4fBIieAqGn9RGCWaEVwQ6Fb2cGe31Yns0RRIzii5goJ1Y7xbMwo1TxMplw==}
    engines: {node: '>= 20.19.0'}

  combined-stream@1.0.8:
    resolution: {integrity: sha512-FQN4MRfuJeHf7cBbBMJFXhKSDq+2kAArBlmRBvcvFE5BB1HZKXtSFASDhdlz9zOYwxh8lDdnvmMOe/+5cdoEdg==}
    engines: {node: '>= 0.8'}

  component-emitter@1.3.1:
    resolution: {integrity: sha512-T0+barUSQRTUQASh8bx02dl+DhF54GtIDY13Y3m9oWTklKbb3Wv974meRpeZ3lp1JpLVECWWNHC4vaG2XHXouQ==}

  content-disposition@0.5.4:
    resolution: {integrity: sha512-FveZTNuGw04cxlAiWbzi6zTAL/lhehaWbTtgluJh4/E95DqMwTmha3KZN1aAWA8cFIhHzMZUvLevkw5Rqk+tSQ==}
    engines: {node: '>= 0.6'}

  content-type@1.0.5:
    resolution: {integrity: sha512-nTjqfcBFEipKdXCv4YDQWCfmcLZKm81ldF0pAopTvyrFGVbcR6P/VAAd5G7N+0tTr8QqiU0tFadD6FK4NtJwOA==}
    engines: {node: '>= 0.6'}

  cookie-signature@1.0.7:
    resolution: {integrity: sha512-NXdYc3dLr47pBkpUCHtKSwIOQXLVn8dZEuywboCOJY/osA0wFSLlSawr3KN8qXJEyX66FcONTH8EIlVuK0yyFA==}

  cookie-signature@1.2.2:
    resolution: {integrity: sha512-D76uU73ulSXrD1UXF4KE2TMxVVwhsnCgfAyTg9k8P6KGZjlXKrOLe4dJQKI3Bxi5wjesZoFXJWElNWBjPZMbhg==}
    engines: {node: '>=6.6.0'}

  cookie@0.6.0:
    resolution: {integrity: sha512-U71cyTamuh1CRNCfpGY6to28lxvNwPG4Guz/EVjgf3Jmzv0vlDp1atT9eS5dDjMYHucpHbWns6Lwf3BKz6svdw==}
    engines: {node: '>= 0.6'}

  cookie@0.7.2:
    resolution: {integrity: sha512-yki5XnKuf750l50uGTllt6kKILY4nQ1eNIQatoXEByZ5dWgnKqbnqmTrBE5B4N7lrMJKQ2ytWMiTO2o0v6Ew/w==}
    engines: {node: '>= 0.6'}

  cookiejar@2.1.4:
    resolution: {integrity: sha512-LDx6oHrK+PhzLKJU9j5S7/Y3jM/mUHvD/DeI1WQmJn652iPC5Y4TBzC9l+5OMOXlyTTA+SmVUPm0HQUwpD5Jqw==}

  debug@2.6.9:
    resolution: {integrity: sha512-bC7ElrdJaJnPbAP+1EotYvqZsb3ecl5wi6Bfi6BJTUcNowp6cvspg0jXznRTKDjm/E7AdgFBVeAPVMNcKGsHMA==}
    peerDependencies:
      supports-color: '*'
    peerDependenciesMeta:
      supports-color:
        optional: true

  debug@4.4.3:
    resolution: {integrity: sha512-RGwwWnwQvkVfavKVt22FGLw+xYSdzARwm0ru6DhTVA3umU5hZc28V3kO4stgYryrTlLpuvgI9GiijltAjNbcqA==}
    engines: {node: '>=6.0'}
    peerDependencies:
      supports-color: '*'
    peerDependenciesMeta:
      supports-color:
        optional: true

  delayed-stream@1.0.0:
    resolution: {integrity: sha512-ZySD7Nf91aLB0RxL4KGrKHBXl7Eds1DAmEdcoVawXnLD7SDhpNgtuII2aAkg7a7QS41jxPSZ17p4VdGnMHk3MQ==}
    engines: {node: '>=0.4.0'}

  depd@2.0.0:
    resolution: {integrity: sha512-g7nH6P6dyDioJogAAGprGpCtVImJhpPk/roCzdb3fIh61/s/nPsfR6onyMwkCAR/OlC3yBC0lESvUoQEAssIrw==}
    engines: {node: '>= 0.8'}

  destroy@1.2.0:
    resolution: {integrity: sha512-2sJGJTaXIIaR1w4iJSNoN0hnMY7Gpc/n8D4qSCJw8QqFWXf7cuAgnEHxBpweaVcPevC2l3KpjYCx3NypQQgaJg==}
    engines: {node: '>= 0.8', npm: 1.2.8000 || >= 1.4.16}

  dezalgo@1.0.4:
    resolution: {integrity: sha512-rXSP0bf+5n0Qonsb+SVVfNfIsimO4HEtmnIpPHY8Q1UCzKlQrDMfdobr8nJOOsRgWCyMRqeSBQzmWUMq7zvVig==}

  diff@9.0.0:
    resolution: {integrity: sha512-svtcdpS8CgJyqAjEQIXdb3OjhFVVYjzGAPO8WGCmRbrml64SPw/jJD4GoE98aR7r25A0XcgrK3F02yw9R/vhQw==}
    engines: {node: '>=0.3.1'}

  dunder-proto@1.0.1:
    resolution: {integrity: sha512-KIN/nDJBQRcXw0MLVhZE9iQHmG68qAVIBg9CqmUYjmQIhgij9U5MFvrqkUL5FbtyyzZuOeOt0zdeRe4UY7ct+A==}
    engines: {node: '>= 0.4'}

  ee-first@1.1.1:
    resolution: {integrity: sha512-WMwm9LhRUo+WUaRN+vRuETqG89IgZphVSNkdFgeb6sS/E4OrDIN7t48CAewSHXc6C8lefD8KKfr5vY61brQlow==}

  encodeurl@1.0.2:
    resolution: {integrity: sha512-TPJXq8JqFaVYm2CWmPvnP2Iyo4ZSM7/QKcSmuMLDObfpH5fi7RUGmd/rTDf+rut/saiDiQEeVTNgAmJEdAOx0w==}
    engines: {node: '>= 0.8'}

  encodeurl@2.0.0:
    resolution: {integrity: sha512-Q0n9HRi4m6JuGIV1eFlmvJB7ZEVxu93IrMyiMsGC0lrMJMWzRgx6WGquyfQgZVb31vhGgXnfmPNNXmxnOkRBrg==}
    engines: {node: '>= 0.8'}

  es-define-property@1.0.1:
    resolution: {integrity: sha512-e3nRfgfUZ4rNGL232gUgX06QNyyez04KdjFrF+LTRoOXmrOgFKDg4BCdsjW8EnT69eqdYGmRpJwiPVYNrCaW3g==}
    engines: {node: '>= 0.4'}

  es-errors@1.3.0:
    resolution: {integrity: sha512-Zf5H2Kxt2xjTvbJvP2ZWLEICxA6j+hAmMzIlypy4xcBg1vKVnx89Wy0GbS+kf5cwCVFFzdCFh2XSCFNULS6csw==}
    engines: {node: '>= 0.4'}

  es-object-atoms@1.1.2:
    resolution: {integrity: sha512-HWcBoN6NileqtSydK2FqHbS/LoDd2pqrnQHLyJzBj4kOp/ky2MWMN694xOfkK8/SnUsW2DH7EfyVlydKCsm1Zw==}
    engines: {node: '>= 0.4'}

  es-set-tostringtag@2.1.0:
    resolution: {integrity: sha512-j6vWzfrGVfyXxge+O0x5sh6cvxAog0a/4Rdd2K36zCMV5eJ+/+tOAngRO8cODMNWbVRdVlmGZQL2YS3yR8bIUA==}
    engines: {node: '>= 0.4'}

  escape-html@1.0.3:
    resolution: {integrity: sha512-NiSupZ4OeuGwr68lGIeym/ksIZMJodUGOSCZ/FSnTxcrekbvqrgdUxlJOMpijaKZVjAJrWrGs/6Jy8OMuyj9ow==}

  etag@1.8.1:
    resolution: {integrity: sha512-aIL5Fx7mawVa300al2BnEE4iNvo1qETxLrPI/o05L7z6go7fCw1J6EQmbK4FmJ2AS7kgVF/KEZWufBfdClMcPg==}
    engines: {node: '>= 0.6'}

  express@4.22.3:
    resolution: {integrity: sha512-Bdcs4+3qlpVlx2NRn6fgX2Ue2/gGRaPeawebgclM0ERSCqDpA+owF1fdPwjJUTAJWMTuAaxjDf+hzb0/4eKvvw==}
    engines: {node: '>= 0.10.0'}

  fast-safe-stringify@2.1.1:
    resolution: {integrity: sha512-W+KJc2dmILlPplD/H4K9l9LcAHAfPtP6BY84uVLXQ6Evcz9Lcg33Y2z1IVblT6xdY54PXYVHEv+0Wpq8Io6zkA==}

  finalhandler@1.3.2:
    resolution: {integrity: sha512-aA4RyPcd3badbdABGDuTXCMTtOneUCAYH/gxoYRTZlIJdF0YPWuGqiAsIrhNnnqdXGswYk6dGujem4w80UJFhg==}
    engines: {node: '>= 0.8'}

  find-up-simple@1.0.1:
    resolution: {integrity: sha512-afd4O7zpqHeRyg4PfDQsXmlDe2PfdHtJt6Akt8jOWaApLOZk5JXs6VMR29lz03pRe9mpykrRCYIYxaJYcfpncQ==}
    engines: {node: '>=18'}

  form-data@4.0.6:
    resolution: {integrity: sha512-vKatAh4SlVfgbv+YtmhiRjhEMJsYpsG1Y2rMQtR+SVSbytsSD1YGzDIcrAJmdFec88u/+VoGmxnl+80gL1tRCQ==}
    engines: {node: '>= 6'}

  formidable@3.5.4:
    resolution: {integrity: sha512-YikH+7CUTOtP44ZTnUhR7Ic2UASBPOqmaRkRKxRbywPTe5VxF7RRCck4af9wutiZ/QKM5nME9Bie2fFaPz5Gug==}
    engines: {node: '>=14.0.0'}

  forwarded@0.2.0:
    resolution: {integrity: sha512-buRG0fpBtRHSTCOASe6hD258tEubFoRLb4ZNA6NxMVHNw2gOcwHo9wyablzMzOA5z9xA9L1KNjk/Nt6MT9aYow==}
    engines: {node: '>= 0.6'}

  fresh@0.5.2:
    resolution: {integrity: sha512-zJ2mQYM18rEFOudeV4GShTGIQ7RbzA7ozbU9I/XBpm7kqgMywgmylMwXHxZJmkVoYkna9d2pVXVXPdYTP9ej8Q==}
    engines: {node: '>= 0.6'}

  function-bind@1.1.2:
    resolution: {integrity: sha512-7XHNxH7qX9xG5mIwxkhumTox/MIRNcOgDrxWsMt2pAr23WHp6MrRlN7FBSFpCpr+oVO0F744iUgR82nJMfG2SA==}

  gatling@2.0.0:
    resolution: {integrity: sha512-dHB5CqZI/sPlnPYxNySp1zid3APmAZOYqYHionen4mfBuW9Fp6zPBuvl+aBCTLb90yvHVD7qmEA18kHsG595ww==}
    engines: {node: '>=6'}
    hasBin: true

  get-intrinsic@1.3.0:
    resolution: {integrity: sha512-9fSjSaos/fRIVIp+xSJlE6lfwhES7LNtKaCBIamHsjr2na1BiABJPo0mOjjz8GJDURarmCPGqaiVg5mfjb98CQ==}
    engines: {node: '>= 0.4'}

  get-proto@1.0.1:
    resolution: {integrity: sha512-sTSfBjoXBp89JvIKIefqw7U2CCebsc74kiY6awiGogKtoSGbgjYE/G/+l9sF3MWFPNc9IcoOC4ODfKHfxFmp0g==}
    engines: {node: '>= 0.4'}

  glob@13.0.6:
    resolution: {integrity: sha512-Wjlyrolmm8uDpm/ogGyXZXb1Z+Ca2B8NbJwqBVg0axK9GbBeoS7yGV6vjXnYdGm6X53iehEuxxbyiKp8QmN4Vw==}
    engines: {node: 18 || 20 || >=22}

  gopd@1.2.0:
    resolution: {integrity: sha512-ZUKRh6/kUFoAiTAtTYPZJ3hw9wNxx+BIBOijnlG9PnrJsCcSjs1wyyD6vJpaYtgnzDrKYRSqf3OO6Rfa93xsRg==}
    engines: {node: '>= 0.4'}

  has-flag@4.0.0:
    resolution: {integrity: sha512-EykJT/Q1KjTWctppgIAgfSO0tKVuZUjhgMr17kqTumMl6Afv3EISleU7qZUzoXDFTAHTDC4NOoG/ZxU3EvlMPQ==}
    engines: {node: '>=8'}

  has-symbols@1.1.0:
    resolution: {integrity: sha512-1cDNdwJ2Jaohmb3sg4OmKaMBwuC48sYni5HUw2DvsC8LjGTLK9h+eb1X6RyuOHe4hT0ULCW68iomhjUoKUqlPQ==}
    engines: {node: '>= 0.4'}

  has-tostringtag@1.0.2:
    resolution: {integrity: sha512-NqADB8VjPFLM2V0VvHUewwwsw0ZWBaIdgo+ieHtK3hasLz4qeCRjYcqfB6AQrBggRKppKF8L52/VqdVsO47Dlw==}
    engines: {node: '>= 0.4'}

  hasown@2.0.4:
    resolution: {integrity: sha512-T2UbfbBEF32wiepXIsMlTW9+dDYC6wMh/t/vYA4tuOMKqWz/n3vr1NFSxQiyP+zk2mXsoMA/i/7qV6LKut1t1A==}
    engines: {node: '>= 0.4'}

  http-errors@2.0.0:
    resolution: {integrity: sha512-FtwrG/euBzaEjYeRqOgly7G0qviiXoJWnvEH2Z1plBdXgbyjv34pHTSb9zoeHMyDy33+DWy5Wt9Wo+TURtOYSQ==}
    engines: {node: '>= 0.8'}

  http-errors@2.0.1:
    resolution: {integrity: sha512-4FbRdAX+bSdmo4AUFuS0WNiPz8NgFt+r8ThgNWmlrjQjt1Q7ZR9+zTlce2859x4KSXrwIsaeTqDoKQmtP8pLmQ==}
    engines: {node: '>= 0.8'}

  iconv-lite@0.4.24:
    resolution: {integrity: sha512-v3MXnZAcvnywkTUEZomIActle7RXXeedOR31wwl7VlyoXO4Qi9arvSenNQWne1TcRwhCL1HwLI21bEqdpj8/rA==}
    engines: {node: '>=0.10.0'}

  iconv-lite@0.6.3:
    resolution: {integrity: sha512-4fCk79wshMdzMp2rH06qWrJE4iolqLhCUH+OiuIgU++RB0+94NlDL81atO7GX55uUKueo0txHNtvEyI6D7WdMw==}
    engines: {node: '>=0.10.0'}

  inherits@2.0.4:
    resolution: {integrity: sha512-k/vGaX4/Yla3WzyMCvTQOXYeIHvqOKtnqBduzTHpzpQZzAskKMhZ2K+EnBiSM9zGSoIFeMpXKxa4dYeZIQqewQ==}

  ipaddr.js@1.9.1:
    resolution: {integrity: sha512-0KI/607xoxSToH7GjN1FfSbLoU0+btTicjsQSWQlh/hZykN8KpmMf7uYwPW3R+akZ6R/w18ZlXSHBYXiYUPO3g==}
    engines: {node: '>= 0.10'}

  is-path-inside@4.0.0:
    resolution: {integrity: sha512-lJJV/5dYS+RcL8uQdBDW9c9uWFLLBNRyFhnAKXw5tVqLlKZ4RMGZKv+YQ/IA3OhD+RpbJa1LLFM1FQPGyIXvOA==}
    engines: {node: '>=12'}

  is-unicode-supported@0.1.0:
    resolution: {integrity: sha512-knxG2q4UC3u8stRGyAVJCOdxFmv5DZiRcdlIaAQXAbSfJya+OhopNotLQrstBhququ4ZpuKbDc/8S6mgXgPFPw==}
    engines: {node: '>=10'}

  js-yaml@5.4.2:
    resolution: {integrity: sha512-m+aqu+LwO1O6sIopafj8HUVl5aawITwZQe/yHpMCKjaWBaA/d07B/QdMb3529REftiU+RMMHL3Vlsw3hON7vWg==}
    hasBin: true

  lodash@4.18.1:
    resolution: {integrity: sha512-dMInicTPVE8d1e5otfwmmjlxkZoUpiVLwyeTdUsi/Caj/gfzzblBcCE5sRHV/AsjuCmxWrte2TNGSYuCeCq+0Q==}

  lru-cache@11.5.3:
    resolution: {integrity: sha512-U4N8FgzmWxc8k1VH8Kr6lQg18U7Fjvby6wXHVRX/ZZ7IwWbRMgrRbP0Wrb5q5NVinryp4SQampHKdvtecItxUg==}
    engines: {node: 20 || >=22}

  m3u8stream@0.8.6:
    resolution: {integrity: sha512-LZj8kIVf9KCphiHmH7sbFQTVe4tOemb202fWwvJwR9W5ENW/1hxJN6ksAWGhQgSBSa3jyWhnjKU1Fw1GaOdbyA==}
    engines: {node: '>=12'}

  math-intrinsics@1.1.0:
    resolution: {integrity: sha512-/IXtbwEk5HTPyEwyKX6hGkYXxM9nbj64B+ilVJnC/R6B0pH5G4V3b0pVbL7DBj4tkhBAppbQUlf6F6Xl9LHu1g==}
    engines: {node: '>= 0.4'}

  media-typer@0.3.0:
    resolution: {integrity: sha512-dq+qelQ9akHpcOl/gUVRTxVIOkAJ1wR3QAvb4RsVjS8oVoFjDGTc679wJYmUmknUF5HwMLOgb5O+a3KxfWapPQ==}
    engines: {node: '>= 0.6'}

  merge-descriptors@1.0.3:
    resolution: {integrity: sha512-gaNvAS7TZ897/rVaZ0nMtAyxNyi/pdbjbAwUpFQpN70GqnVfOiXpeUUMKRBmzXaSQ8DdTX4/0ms62r2K+hE6mQ==}

  methods@1.1.2:
    resolution: {integrity: sha512-iclAHeNqNm68zFtnZ0e+1L2yUIdvzNoauKU4WBA3VvH/vPFieF7qfRlwUZU+DA9P9bPXIS90ulxoUoCH23sV2w==}
    engines: {node: '>= 0.6'}

  mime-db@1.52.0:
    resolution: {integrity: sha512-sPU4uV7dYlvtWJxwwxHD0PuihVNiE7TyAbQ5SWxDCB9mUYvOgroQOwYQQOKPJ8CIbE+1ETVlOoK1UC2nU3gYvg==}
    engines: {node: '>= 0.6'}

  mime-types@2.1.35:
    resolution: {integrity: sha512-ZDY+bPm5zTTF+YpCrAU9nK0UgICYPT0QtT1NZWFv4s++TNkcgVaT0g6+4R2uI4MjQjzysHB1zxuWL50hzaeXiw==}
    engines: {node: '>= 0.6'}

  mime@1.6.0:
    resolution: {integrity: sha512-x0Vn8spI+wuJ1O6S7gnbaQg8Pxh4NNHb7KSINmEWKiPE4RKOplvijn+NkmYmmRgP68mc70j2EbeTFRsrswaQeg==}
    engines: {node: '>=4'}
    hasBin: true

  mime@2.6.0:
    resolution: {integrity: sha512-USPkMeET31rOMiarsBNIHZKLGgvKc/LrjofAnBlOttf5ajRvqiRA8QsenbcooctK6d6Ts6aqZXBA+XbkKthiQg==}
    engines: {node: '>=4.0.0'}
    hasBin: true

  mime@4.1.0:
    resolution: {integrity: sha512-X5ju04+cAzsojXKes0B/S4tcYtFAJ6tTMuSPBEn9CPGlrWr8Fiw7qYeLT0XyH80HSoAoqWCaz+MWKh22P7G1cw==}
    engines: {node: '>=16'}
    hasBin: true

  miniget@4.2.3:
    resolution: {integrity: sha512-SjbDPDICJ1zT+ZvQwK0hUcRY4wxlhhNpHL9nJOB2MEAXRGagTljsO8MEDzQMTFf0Q8g4QNi8P9lEm/g7e+qgzA==}
    engines: {node: '>=12'}

  minimatch@10.2.6:
    resolution: {integrity: sha512-vpLQEs+VLCr1nU0BXS07maYoFwlDAH0gngQuuttxIwutDFEMHq2blX+8vpgxDdK3J1PwjCJiep77OitTZ4Ll1A==}
    engines: {node: 18 || 20 || >=22}

  minipass@7.1.3:
    resolution: {integrity: sha512-tEBHqDnIoM/1rXME1zgka9g6Q2lcoCkxHLuc7ODJ5BxbP5d4c2Z5cGgtXAku59200Cx7diuHTOYfSBD8n6mm8A==}
    engines: {node: '>=16 || 14 >=14.17'}

  mocha@12.0.2:
    resolution: {integrity: sha512-SjAulGHxlMJLCD1bhvJBAiYwYxglydRzA9PDQ5MALq1oLRMMtIhxSQJ0olCFgA7c9YbTdxC0KOV0wl8JEDYVhA==}
    engines: {node: ^20.19.0 || >=22.12.0}
    hasBin: true

  ms@2.0.0:
    resolution: {integrity: sha512-Tpp60P6IUJDTuOq/5Z8cdskzJujfwqfOTkrwIwj7IRISpnkJnT6SyJ4PCPnGMoFjC9ddhal5KVIYtAt97ix05A==}

  ms@2.1.3:
    resolution: {integrity: sha512-6FlzubTLZG3J2a/NVCAleEhjzq5oxgHyaCU9yYXvcLsvoVaHJq/s5xXI6/XXP6tz7R9xAOtHnSO/tXtF3WRTlA==}

  negotiator@0.6.3:
    resolution: {integrity: sha512-+EUsqGPLsM+j/zdChZjsnX51g4XrHFOIXwfnCVPGlQk/k5giakcKsuxCObBRu6DSm9opw/O6slWbJdghQM4bBg==}
    engines: {node: '>= 0.6'}

  object-inspect@1.13.4:
    resolution: {integrity: sha512-W67iLl4J2EXEGTbfeHCffrjDfitvLANg0UlX3wFUUSTx92KXRFegMHUVgSqE+wvhAbi4WqjGg9czysTV2Epbew==}
    engines: {node: '>= 0.4'}

  on-finished@2.4.1:
    resolution: {integrity: sha512-oVlzkg3ENAhCk2zdv7IJwd/QUD4z2RxRwpkcGY8psCVcCYZNq4wYnVWALHM+brtuJjePWiYF/ClmuDr8Ch5+kg==}
    engines: {node: '>= 0.8'}

  once@1.4.0:
    resolution: {integrity: sha512-lNaJgI+2Q5URQBkccEKHTQOPaXdUxnZZElQTZY0MFUAuaEqe1E+Nyvgdz/aIyNi6Z9MzO5dv1H8n58/GELp3+w==}

  optimist@0.5.2:
    resolution: {integrity: sha512-r9M8ZpnM9SXV5Wii7TCqienfcaY3tAiJe9Jchof87icbmbruKgK0xKXngmrnowTDnEawmmI1Qbha59JEoBkBGA==}

  parseurl@1.3.3:
    resolution: {integrity: sha512-CiyeOxFT/JZyN5m0z9PfXw4SCBJ6Sygz1Dpl0wqjlhDEGGBP1GnsUVEL0p63hoG1fcj3fHynXi9NYO4nWOL+qQ==}
    engines: {node: '>= 0.8'}

  path-scurry@2.0.2:
    resolution: {integrity: sha512-3O/iVVsJAPsOnpwWIeD+d6z/7PmqApyQePUtCndjatj/9I5LylHvt5qluFaBT3I5h3r1ejfR056c+FCv+NnNXg==}
    engines: {node: 18 || 20 || >=22}

  path-to-regexp@0.1.13:
    resolution: {integrity: sha512-A/AGNMFN3c8bOlvV9RreMdrv7jsmF9XIfDeCd87+I8RNg6s78BhJxMu69NEMHBSJFxKidViTEdruRwEk/WIKqA==}

  picocolors@1.1.1:
    resolution: {integrity: sha512-xceH2snhtb5M9liqDsmEw56le376mTZkEX/jEb/RxNFyegNul7eNslCXP9FDj/Lcu0X8KEyMceP2ntpaHrDEVA==}

  proxy-addr@2.0.8:
    resolution: {integrity: sha512-5nnx0yGyVUcY6t9RnWcARWtwT9F1D8O9rt08htPvnd49W1IgZtmLkhu9WfMzQj1cFxjHIO6connUNVW5k7AVyQ==}
    engines: {node: '>= 0.10'}

  qs@6.16.0:
    resolution: {integrity: sha512-h6fhOIaRrID2CbEY2fqs+7t+UXZo+MLAnU5gRIq85uFtdiUPCdsApMlHhXogKVM4HM2DVbIjGNTTYH2OcmP1vA==}
    engines: {node: '>=0.6'}

  range-parser@1.2.1:
    resolution: {integrity: sha512-Hrgsx+orqoygnmhFbKaHE6c296J+HTAQXoxEF6gNupROmmGJRoyzfG3ccAveqCBrwr/2yxQ5BVd/GTl5agOwSg==}
    engines: {node: '>= 0.6'}

  raw-body@2.5.3:
    resolution: {integrity: sha512-s4VSOf6yN0rvbRZGxs8Om5CWj6seneMwK3oDb4lWDH0UPhWcxwOWw5+qk24bxq87szX1ydrwylIOp2uG1ojUpA==}
    engines: {node: '>= 0.8'}

  readdirp@5.1.1:
    resolution: {integrity: sha512-Kko+Y5XQ6fM+Ce3dq3m9YGxnacYZYl9cA1wZjaF3Vbry2L3i1qVg8+CAgNPsXRArPMUMCaOR7oa9Nqntc43JKA==}
    engines: {node: '>= 20.19.0'}

  safe-buffer@5.2.1:
    resolution: {integrity: sha512-rp3So07KcdmmKbGvgaNxQSJr7bGVSVk5S9Eq1F+ppbRo70+YeaDxkw5Dd8NPN+GD6bjnYm2VuPuCXmpuYvmCXQ==}

  safer-buffer@2.1.2:
    resolution: {integrity: sha512-YZo3K82SD7Riyi0E1EQPojLz7kpepnSQI9IyPbHHg1XXXevb5dJI7tpyN2ADxGcQbHG7vcyRHk0cbwqcQriUtg==}

  sax@1.6.1:
    resolution: {integrity: sha512-42tBVwLWnaQvW5zc4HbZrTuWccECCZfBi92FDuwtqxasH+JbPB3/FOKb1m222K42R4WxuxzzMsTswfzgtSu64Q==}
    engines: {node: '>=11.0.0'}

  send@0.18.0:
    resolution: {integrity: sha512-qqWzuOjSFOuqPjFe4NOsMLafToQQwBSOEpS+FwEt3A2V3vKubTquT3vmLTQpFgMXp8AlFWFuP1qKaJZOtPpVXg==}
    engines: {node: '>= 0.8.0'}

  send@0.19.2:
    resolution: {integrity: sha512-VMbMxbDeehAxpOtWJXlcUS5E8iXh6QmN+BkRX1GARS3wRaXEEgzCcB10gTQazO42tpNIya8xIyNx8fll1OFPrg==}
    engines: {node: '>= 0.8.0'}

  serialize-javascript@7.1.2:
    resolution: {integrity: sha512-GL2BWwVa6JydKO6l/ljVgjAZF4QJ3S7dWDWi53s5GZT8PJzD2fNxi67HANQGKAqPrwEpL5ba7gUBGi0Ls/sEoQ==}
    engines: {node: '>=20.0.0'}

  serve-static@1.16.3:
    resolution: {integrity: sha512-x0RTqQel6g5SY7Lg6ZreMmsOzncHFU7nhnRWkKgWuMTu5NN0DR5oruckMqRvacAN9d5w6ARnRBXl9xhDCgfMeA==}
    engines: {node: '>= 0.8.0'}

  set-cookie-parser@2.7.2:
    resolution: {integrity: sha512-oeM1lpU/UvhTxw+g3cIfxXHyJRc/uidd3yK1P242gzHds0udQBYzs3y8j4gCCW+ZJ7ad0yctld8RYO+bdurlvw==}

  setprototypeof@1.2.0:
    resolution: {integrity: sha512-E5LDX7Wrp85Kil5bhZv46j8jOeboKq5JMmYM3gVGdGH8xFpPWXUMsNrlODCrkoxMEeNi/XZIwuRvY4XNwYMJpw==}

  side-channel-list@1.0.1:
    resolution: {integrity: sha512-mjn/0bi/oUURjc5Xl7IaWi/OJJJumuoJFQJfDDyO46+hBWsfaVM65TBHq2eoZBhzl9EchxOijpkbRC8SVBQU0w==}
    engines: {node: '>= 0.4'}

  side-channel-map@1.0.1:
    resolution: {integrity: sha512-VCjCNfgMsby3tTdo02nbjtM/ewra6jPHmpThenkTYh8pG9ucZ/1P8So4u4FGBek/BjpOVsDCMoLA/iuBKIFXRA==}
    engines: {node: '>= 0.4'}

  side-channel-weakmap@1.0.2:
    resolution: {integrity: sha512-WPS/HvHQTYnHisLo9McqBHOJk2FkHO/tlpvldyrnem4aeQp4hai3gythswg6p01oSoTl58rcpiFAjF2br2Ak2A==}
    engines: {node: '>= 0.4'}

  side-channel@1.1.1:
    resolution: {integrity: sha512-6x6dK6zJdpTzF4sQeNYxwtvBzf6Eg4GtlesS94HOvTudUeyK2WXAaIfmDgsyslYrRBeFIlsi54AYsFGUuhmvrQ==}
    engines: {node: '>= 0.4'}

  statuses@2.0.1:
    resolution: {integrity: sha512-RwNA9Z/7PrK06rYLIzFMlaF+l73iwpzsqRIFgbMLbTcLD6cOao82TaWefPXQvB2fOC4AjuYSEndS7N/mTCbkdQ==}
    engines: {node: '>= 0.8'}

  statuses@2.0.2:
    resolution: {integrity: sha512-DvEy55V3DB7uknRo+4iOGT5fP1slR8wQohVdknigZPMpMstaKJQWhwiYBACJE3Ul2pTnATihhBYnRhZQHGBiRw==}
    engines: {node: '>= 0.8'}

  strip-json-comments@5.0.3:
    resolution: {integrity: sha512-1tB5mhVo7U+ETBKNf92xT4hrQa3pm0MZ0PQvuDnWgAAGHDsfp4lPSpiS6psrSiet87wyGPh9ft6wmhOMQ0hDiw==}
    engines: {node: '>=14.16'}

  superagent@10.4.1:
    resolution: {integrity: sha512-PVMkMrhKrSTtFhUU8jiWuGh/gyRMKiyCTCmm0+qVzRNxlfntmRKJkDhlEXN62x3HIb33sQ4kmL8lcSdccWAchQ==}
    engines: {node: '>=14.18.0'}

  supertest@7.3.0:
    resolution: {integrity: sha512-UwwmWq3xLhyU96c521wYNaBg7IqX78Wpj4FKs6Katp6vdklX42zU5ESvX3KeZRLFyO44RwFp4yvxYMNZzCcX9g==}
    engines: {node: '>=14.18.0'}

  supports-color@8.1.1:
    resolution: {integrity: sha512-MpUEN2OodtUzxvKQl72cUF7RQ5EiHsGvSsVG0ia9c5RbWGL2CI4C7EpPS8UTBIplnlzZiNuV56w+FuNxy3ty2Q==}
    engines: {node: '>=10'}

  tld@0.0.2:
    resolution: {integrity: sha512-k8CiFn8456l/YSfA+KPn5v+nW/c+1tQ3O45XoxVc7p6urNTPzAr3U9a3OCAuH0bV7SAwXc2eh8hM+WXW7VBUrQ==}
    engines: {node: '>= 0.4.0'}

  toidentifier@1.0.1:
    resolution: {integrity: sha512-o5sSPKEkg/DIQNmH43V0/uerLrpzVedkUh8tGNvaeXpfpuwjKenlSox/2O/BTlZUtEe+JG7s5YhEz608PlAHRA==}
    engines: {node: '>=0.6'}

  type-is@1.6.18:
    resolution: {integrity: sha512-TkRKr9sUTxEH8MdfuCSP7VizJyzRNMjj2J2do2Jr3Kym598JVdEksuzPQCnlFPW4ky9Q+iA+ma9BGm06XQBy8g==}
    engines: {node: '>= 0.6'}

  unblocker@2.3.1:
    resolution: {integrity: sha512-RYkqHzvf+c3FYd6Wffqxoia7Q3cefDt+/+sKnXhFyrk14Vi71BlyWVuCuR4Y/Lb0Gv6XvQWE+s6hTN9V0y/6FQ==}
    engines: {node: '>=16.17'}

  unpipe@1.0.0:
    resolution: {integrity: sha512-pjy2bYhSsufwWlKwPc+l3cN7+wuJlK6uz0YdJEOlQDbl6jo/YlPi4mb8agUkVC8BF7V8NuzeyPNqRksA3hztKQ==}
    engines: {node: '>= 0.8'}

  utils-merge@1.0.1:
    resolution: {integrity: sha512-pMZTvIkT1d+TFGvDOqodOclx0QWkkgi6Tdoa8gC8ffGAAqz9pzPTZWAybbsHHoED/ztMtkv/VoYTYyShUn81hA==}
    engines: {node: '>= 0.4.0'}

  vary@1.1.2:
    resolution: {integrity: sha512-BNGbWLfd0eUPabhkXUVm0j8uuvREyTh5ovRa/dyow/BqAbZJyC+5fU+IzQOzmAKzYqYRAISoRhdQr3eIZ/PXqg==}
    engines: {node: '>= 0.8'}

  wordwrap@0.0.3:
    resolution: {integrity: sha512-1tMA907+V4QmxV7dbRvb4/8MaRALK6q9Abid3ndMYnbyo8piisCmeONVqVSXqQA3KaP4SLt5b7ud6E2sqP8TFw==}
    engines: {node: '>=0.4.0'}

  workerpool@10.0.3:
    resolution: {integrity: sha512-6z2Iis68Wqth93/G/wJP9u+R3O+d2XTlgWChGCwuT1qLbBsOYueGRZuJ++v3mtDP5KjYdy+WzvWC+VWETSVXJA==}

  wrappy@1.0.2:
    resolution: {integrity: sha512-l4Sp/DRseor9wL6EvV2+TuQn63dMkPjZ/sp9XkghTEbV9KlPS1xUsZ3u7/IQO4wxtcFB4bgpQPRcR3QCvezPcQ==}

  ytdl-core@4.11.5:
    resolution: {integrity: sha512-27LwsW4n4nyNviRCO1hmr8Wr5J1wLLMawHCQvH8Fk0hiRqrxuIu028WzbJetiYH28K8XDbeinYW4/wcHQD1EXA==}
    engines: {node: '>=12'}

snapshots:

  '@noble/hashes@1.8.0': {}

  '@paralleldrive/cuid2@2.3.1':
    dependencies:
      '@noble/hashes': 1.8.0

  accepts@1.3.8:
    dependencies:
      mime-types: 2.1.35
      negotiator: 0.6.3

  argparse@2.0.1: {}

  array-flatten@1.1.1: {}

  asap@2.0.6: {}

  async@3.2.6: {}

  asynckit@0.4.0: {}

  balanced-match@4.0.4: {}

  body-parser@1.20.8:
    dependencies:
      bytes: 3.1.2
      content-type: 1.0.5
      debug: 2.6.9
      depd: 2.0.0
      destroy: 1.2.0
      http-errors: 2.0.1
      iconv-lite: 0.4.24
      on-finished: 2.4.1
      qs: 6.16.0
      raw-body: 2.5.3
      type-is: 1.6.18
      unpipe: 1.0.0
    transitivePeerDependencies:
      - supports-color

  brace-expansion@5.0.12:
    dependencies:
      balanced-match: 4.0.4

  browser-stdout@1.3.1: {}

  bytes@3.1.2: {}

  call-bind-apply-helpers@1.0.2:
    dependencies:
      es-errors: 1.3.0
      function-bind: 1.1.2

  call-bound@1.0.4:
    dependencies:
      call-bind-apply-helpers: 1.0.2
      get-intrinsic: 1.3.0

  chokidar@5.0.0:
    dependencies:
      readdirp: 5.1.1

  combined-stream@1.0.8:
    dependencies:
      delayed-stream: 1.0.0

  component-emitter@1.3.1: {}

  content-disposition@0.5.4:
    dependencies:
      safe-buffer: 5.2.1

  content-type@1.0.5: {}

  cookie-signature@1.0.7: {}

  cookie-signature@1.2.2: {}

  cookie@0.6.0: {}

  cookie@0.7.2: {}

  cookiejar@2.1.4: {}

  debug@2.6.9:
    dependencies:
      ms: 2.0.0

  debug@4.4.3(supports-color@8.1.1):
    dependencies:
      ms: 2.1.3
    optionalDependencies:
      supports-color: 8.1.1

  delayed-stream@1.0.0: {}

  depd@2.0.0: {}

  destroy@1.2.0: {}

  dezalgo@1.0.4:
    dependencies:
      asap: 2.0.6
      wrappy: 1.0.2

  diff@9.0.0: {}

  dunder-proto@1.0.1:
    dependencies:
      call-bind-apply-helpers: 1.0.2
      es-errors: 1.3.0
      gopd: 1.2.0

  ee-first@1.1.1: {}

  encodeurl@1.0.2: {}

  encodeurl@2.0.0: {}

  es-define-property@1.0.1: {}

  es-errors@1.3.0: {}

  es-object-atoms@1.1.2:
    dependencies:
      es-errors: 1.3.0

  es-set-tostringtag@2.1.0:
    dependencies:
      es-errors: 1.3.0
      get-intrinsic: 1.3.0
      has-tostringtag: 1.0.2
      hasown: 2.0.4

  escape-html@1.0.3: {}

  etag@1.8.1: {}

  express@4.22.3:
    dependencies:
      accepts: 1.3.8
      array-flatten: 1.1.1
      body-parser: 1.20.8
      content-disposition: 0.5.4
      content-type: 1.0.5
      cookie: 0.7.2
      cookie-signature: 1.0.7
      debug: 2.6.9
      depd: 2.0.0
      encodeurl: 2.0.0
      escape-html: 1.0.3
      etag: 1.8.1
      finalhandler: 1.3.2
      fresh: 0.5.2
      http-errors: 2.0.1
      merge-descriptors: 1.0.3
      methods: 1.1.2
      on-finished: 2.4.1
      parseurl: 1.3.3
      path-to-regexp: 0.1.13
      proxy-addr: 2.0.8
      qs: 6.16.0
      range-parser: 1.2.1
      safe-buffer: 5.2.1
      send: 0.19.2
      serve-static: 1.16.3
      setprototypeof: 1.2.0
      statuses: 2.0.2
      type-is: 1.6.18
      utils-merge: 1.0.1
      vary: 1.1.2
    transitivePeerDependencies:
      - supports-color

  fast-safe-stringify@2.1.1: {}

  finalhandler@1.3.2:
    dependencies:
      debug: 2.6.9
      encodeurl: 2.0.0
      escape-html: 1.0.3
      on-finished: 2.4.1
      parseurl: 1.3.3
      statuses: 2.0.2
      unpipe: 1.0.0
    transitivePeerDependencies:
      - supports-color

  find-up-simple@1.0.1: {}

  form-data@4.0.6:
    dependencies:
      asynckit: 0.4.0
      combined-stream: 1.0.8
      es-set-tostringtag: 2.1.0
      hasown: 2.0.4
      mime-types: 2.1.35

  formidable@3.5.4:
    dependencies:
      '@paralleldrive/cuid2': 2.3.1
      dezalgo: 1.0.4
      once: 1.4.0

  forwarded@0.2.0: {}

  fresh@0.5.2: {}

  function-bind@1.1.2: {}

  gatling@2.0.0:
    dependencies:
      optimist: 0.5.2

  get-intrinsic@1.3.0:
    dependencies:
      call-bind-apply-helpers: 1.0.2
      es-define-property: 1.0.1
      es-errors: 1.3.0
      es-object-atoms: 1.1.2
      function-bind: 1.1.2
      get-proto: 1.0.1
      gopd: 1.2.0
      has-symbols: 1.1.0
      hasown: 2.0.4
      math-intrinsics: 1.1.0

  get-proto@1.0.1:
    dependencies:
      dunder-proto: 1.0.1
      es-object-atoms: 1.1.2

  glob@13.0.6:
    dependencies:
      minimatch: 10.2.6
      minipass: 7.1.3
      path-scurry: 2.0.2

  gopd@1.2.0: {}

  has-flag@4.0.0: {}

  has-symbols@1.1.0: {}

  has-tostringtag@1.0.2:
    dependencies:
      has-symbols: 1.1.0

  hasown@2.0.4:
    dependencies:
      function-bind: 1.1.2

  http-errors@2.0.0:
    dependencies:
      depd: 2.0.0
      inherits: 2.0.4
      setprototypeof: 1.2.0
      statuses: 2.0.1
      toidentifier: 1.0.1

  http-errors@2.0.1:
    dependencies:
      depd: 2.0.0
      inherits: 2.0.4
      setprototypeof: 1.2.0
      statuses: 2.0.2
      toidentifier: 1.0.1

  iconv-lite@0.4.24:
    dependencies:
      safer-buffer: 2.1.2

  iconv-lite@0.6.3:
    dependencies:
      safer-buffer: 2.1.2

  inherits@2.0.4: {}

  ipaddr.js@1.9.1: {}

  is-path-inside@4.0.0: {}

  is-unicode-supported@0.1.0: {}

  js-yaml@5.4.2:
    dependencies:
      argparse: 2.0.1

  lodash@4.18.1: {}

  lru-cache@11.5.3: {}

  m3u8stream@0.8.6:
    dependencies:
      miniget: 4.2.3
      sax: 1.6.1

  math-intrinsics@1.1.0: {}

  media-typer@0.3.0: {}

  merge-descriptors@1.0.3: {}

  methods@1.1.2: {}

  mime-db@1.52.0: {}

  mime-types@2.1.35:
    dependencies:
      mime-db: 1.52.0

  mime@1.6.0: {}

  mime@2.6.0: {}

  mime@4.1.0: {}

  miniget@4.2.3: {}

  minimatch@10.2.6:
    dependencies:
      brace-expansion: 5.0.12

  minipass@7.1.3: {}

  mocha@12.0.2:
    dependencies:
      browser-stdout: 1.3.1
      chokidar: 5.0.0
      debug: 4.4.3(supports-color@8.1.1)
      diff: 9.0.0
      find-up-simple: 1.0.1
      glob: 13.0.6
      is-path-inside: 4.0.0
      is-unicode-supported: 0.1.0
      js-yaml: 5.4.2
      minimatch: 10.2.6
      ms: 2.1.3
      picocolors: 1.1.1
      serialize-javascript: 7.1.2
      strip-json-comments: 5.0.3
      supports-color: 8.1.1
      workerpool: 10.0.3

  ms@2.0.0: {}

  ms@2.1.3: {}

  negotiator@0.6.3: {}

  object-inspect@1.13.4: {}

  on-finished@2.4.1:
    dependencies:
      ee-first: 1.1.1

  once@1.4.0:
    dependencies:
      wrappy: 1.0.2

  optimist@0.5.2:
    dependencies:
      wordwrap: 0.0.3

  parseurl@1.3.3: {}

  path-scurry@2.0.2:
    dependencies:
      lru-cache: 11.5.3
      minipass: 7.1.3

  path-to-regexp@0.1.13: {}

  picocolors@1.1.1: {}

  proxy-addr@2.0.8:
    dependencies:
      forwarded: 0.2.0
      ipaddr.js: 1.9.1

  qs@6.16.0:
    dependencies:
      es-define-property: 1.0.1
      side-channel: 1.1.1

  range-parser@1.2.1: {}

  raw-body@2.5.3:
    dependencies:
      bytes: 3.1.2
      http-errors: 2.0.1
      iconv-lite: 0.4.24
      unpipe: 1.0.0

  readdirp@5.1.1: {}

  safe-buffer@5.2.1: {}

  safer-buffer@2.1.2: {}

  sax@1.6.1: {}

  send@0.18.0:
    dependencies:
      debug: 2.6.9
      depd: 2.0.0
      destroy: 1.2.0
      encodeurl: 1.0.2
      escape-html: 1.0.3
      etag: 1.8.1
      fresh: 0.5.2
      http-errors: 2.0.0
      mime: 1.6.0
      ms: 2.1.3
      on-finished: 2.4.1
      range-parser: 1.2.1
      statuses: 2.0.1
    transitivePeerDependencies:
      - supports-color

  send@0.19.2:
    dependencies:
      debug: 2.6.9
      depd: 2.0.0
      destroy: 1.2.0
      encodeurl: 2.0.0
      escape-html: 1.0.3
      etag: 1.8.1
      fresh: 0.5.2
      http-errors: 2.0.1
      mime: 1.6.0
      ms: 2.1.3
      on-finished: 2.4.1
      range-parser: 1.2.1
      statuses: 2.0.2
    transitivePeerDependencies:
      - supports-color

  serialize-javascript@7.1.2: {}

  serve-static@1.16.3:
    dependencies:
      encodeurl: 2.0.0
      escape-html: 1.0.3
      parseurl: 1.3.3
      send: 0.19.2
    transitivePeerDependencies:
      - supports-color

  set-cookie-parser@2.7.2: {}

  setprototypeof@1.2.0: {}

  side-channel-list@1.0.1:
    dependencies:
      es-errors: 1.3.0
      object-inspect: 1.13.4

  side-channel-map@1.0.1:
    dependencies:
      call-bound: 1.0.4
      es-errors: 1.3.0
      get-intrinsic: 1.3.0
      object-inspect: 1.13.4

  side-channel-weakmap@1.0.2:
    dependencies:
      call-bound: 1.0.4
      es-errors: 1.3.0
      get-intrinsic: 1.3.0
      object-inspect: 1.13.4
      side-channel-map: 1.0.1

  side-channel@1.1.1:
    dependencies:
      es-errors: 1.3.0
      object-inspect: 1.13.4
      side-channel-list: 1.0.1
      side-channel-map: 1.0.1
      side-channel-weakmap: 1.0.2

  statuses@2.0.1: {}

  statuses@2.0.2: {}

  strip-json-comments@5.0.3: {}

  superagent@10.4.1:
    dependencies:
      component-emitter: 1.3.1
      cookiejar: 2.1.4
      debug: 4.4.3(supports-color@8.1.1)
      fast-safe-stringify: 2.1.1
      form-data: 4.0.6
      formidable: 3.5.4
      methods: 1.1.2
      mime: 2.6.0
      qs: 6.16.0
    transitivePeerDependencies:
      - supports-color

  supertest@7.3.0:
    dependencies:
      cookie-signature: 1.2.2
      methods: 1.1.2
      superagent: 10.4.1
    transitivePeerDependencies:
      - supports-color

  supports-color@8.1.1:
    dependencies:
      has-flag: 4.0.0

  tld@0.0.2: {}

  toidentifier@1.0.1: {}

  type-is@1.6.18:
    dependencies:
      media-typer: 0.3.0
      mime-types: 2.1.35

  unblocker@2.3.1:
    dependencies:
      async: 3.2.6
      content-type: 1.0.5
      cookie: 0.6.0
      debug: 4.4.3(supports-color@8.1.1)
      express: 4.22.3
      iconv-lite: 0.6.3
      lodash: 4.18.1
      mime: 4.1.0
      send: 0.18.0
      set-cookie-parser: 2.7.2
      tld: 0.0.2
    transitivePeerDependencies:
      - supports-color

  unpipe@1.0.0: {}

  utils-merge@1.0.1: {}

  vary@1.1.2: {}

  wordwrap@0.0.3: {}

  workerpool@10.0.3: {}

  wrappy@1.0.2: {}

  ytdl-core@4.11.5:
    dependencies:
      m3u8stream: 0.8.6
      miniget: 4.2.3
      sax: 1.6.1
